
Microsoft Visual Studio Solution File, Format Version 12.00
# Visual Studio Version 18
VisualStudioVersion = 18.0.11222.15
MinimumVisualStudioVersion = 17.8.0.0
Project("{9A19103F-16F7-4668-BE54-9A1E7A4F7556}") = "AppServiceDiagnostics.AppHost", "AppServiceDiagnostics.AppHost\AppServiceDiagnostics.AppHost.csproj", "{4F19B66B-4590-4316-B242-AC19BED9EDCF}"
EndProject
Project("{9A19103F-16F7-4668-BE54-9A1E7A4F7556}") = "AppServiceDiagnostics.ServiceDefaults", "AppServiceDiagnostics.ServiceDefaults\AppServiceDiagnostics.ServiceDefaults.csproj", "{E9AE64B7-27AE-485C-AE8D-B38B81E39030}"
EndProject
Project("{9A19103F-16F7-4668-BE54-9A1E7A4F7556}") = "AppServiceDiagnostics.Tests", "AppServiceDiagnostics.Tests\AppServiceDiagnostics.Tests.csproj", "{E64B6077-D2DD-4C2C-AD8B-6AE7B7BF6334}"
EndProject
Project("{FAE04EC0-301F-11D3-BF4B-00C04F79EFBC}") = "AppServiceDiagnostics.Web", "AppServiceDiagnostics.Web\AppServiceDiagnostics.Web.csproj", "{9702D408-F615-D264-5363-AAF6AE82DD4C}"
EndProject
Project("{FAE04EC0-301F-11D3-BF4B-00C04F79EFBC}") = "BackendApi", "BackendApi\BackendApi.csproj", "{494E2E43-757D-2D5F-1B51-BF2742664A95}"
EndProject
Project("{FAE04EC0-301F-11D3-BF4B-00C04F79EFBC}") = "AppServiceDiagnostics.Models", "AppServiceDiagnostics.Models\AppServiceDiagnostics.Models.csproj", "{EF84B6D4-5E40-4A02-BFA1-F9174F628D0D}"
EndProject
Project("{FAE04EC0-301F-11D3-BF4B-00C04F79EFBC}") = "AppServiceDiagnostics.AIService", "AppServiceDiagnostics.AIService\AppServiceDiagnostics.AIService.csproj", "{2EEE9DEF-755E-41EE-98A4-AD298FF22AA0}"
EndProject
Project("{FAE04EC0-301F-11D3-BF4B-00C04F79EFBC}") = "Aspire.Hosting.Azure.ManagedIdentity", "Aspire.Hosting.Azure.ManagedIdentity\Aspire.Hosting.Azure.ManagedIdentity.csproj", "{CFB653A4-3ED6-43AE-B977-188C36F79DDB}"
EndProject
Project("{FAE04EC0-301F-11D3-BF4B-00C04F79EFBC}") = "Aspire.Azure.ManagedIdentity.Client", "Aspire.Azure.ManagedIdentity.Client\Aspire.Azure.ManagedIdentity.Client.csproj", "{8CA8FC64-61BD-4306-BC99-E7C9FAA5DE37}"
EndProject
Global
	GlobalSection(SolutionConfigurationPlatforms) = preSolution
		Debug|Any CPU = Debug|Any CPU
		Debug|x64 = Debug|x64
		Debug|x86 = Debug|x86
		Release|Any CPU = Release|Any CPU
		Release|x64 = Release|x64
		Release|x86 = Release|x86
	EndGlobalSection
	GlobalSection(ProjectConfigurationPlatforms) = postSolution
		{4F19B66B-4590-4316-B242-AC19BED9EDCF}.Debug|Any CPU.ActiveCfg = Debug|Any CPU
		{4F19B66B-4590-4316-B242-AC19BED9EDCF}.Debug|Any CPU.Build.0 = Debug|Any CPU
		{4F19B66B-4590-4316-B242-AC19BED9EDCF}.Debug|x64.ActiveCfg = Debug|Any CPU
		{4F19B66B-4590-4316-B242-AC19BED9EDCF}.Debug|x64.Build.0 = Debug|Any CPU
		{4F19B66B-4590-4316-B242-AC19BED9EDCF}.Debug|x86.ActiveCfg = Debug|Any CPU
		{4F19B66B-4590-4316-B242-AC19BED9EDCF}.Debug|x86.Build.0 = Debug|Any CPU
		{4F19B66B-4590-4316-B242-AC19BED9EDCF}.Release|Any CPU.ActiveCfg = Release|Any CPU
		{4F19B66B-4590-4316-B242-AC19BED9EDCF}.Release|Any CPU.Build.0 = Release|Any CPU
		{4F19B66B-4590-4316-B242-AC19BED9EDCF}.Release|x64.ActiveCfg = Release|Any CPU
		{4F19B66B-4590-4316-B242-AC19BED9EDCF}.Release|x64.Build.0 = Release|Any CPU
		{4F19B66B-4590-4316-B242-AC19BED9EDCF}.Release|x86.ActiveCfg = Release|Any CPU
		{4F19B66B-4590-4316-B242-AC19BED9EDCF}.Release|x86.Build.0 = Release|Any CPU
		{E9AE64B7-27AE-485C-AE8D-B38B81E39030}.Debug|Any CPU.ActiveCfg = Debug|Any CPU
		{E9AE64B7-27AE-485C-AE8D-B38B81E39030}.Debug|Any CPU.Build.0 = Debug|Any CPU
		{E9AE64B7-27AE-485C-AE8D-B38B81E39030}.Debug|x64.ActiveCfg = Debug|Any CPU
		{E9AE64B7-27AE-485C-AE8D-B38B81E39030}.Debug|x64.Build.0 = Debug|Any CPU
		{E9AE64B7-27AE-485C-AE8D-B38B81E39030}.Debug|x86.ActiveCfg = Debug|Any CPU
		{E9AE64B7-27AE-485C-AE8D-B38B81E39030}.Debug|x86.Build.0 = Debug|Any CPU
		{E9AE64B7-27AE-485C-AE8D-B38B81E39030}.Release|Any CPU.ActiveCfg = Release|Any CPU
		{E9AE64B7-27AE-485C-AE8D-B38B81E39030}.Release|Any CPU.Build.0 = Release|Any CPU
		{E9AE64B7-27AE-485C-AE8D-B38B81E39030}.Release|x64.ActiveCfg = Release|Any CPU
		{E9AE64B7-27AE-485C-AE8D-B38B81E39030}.Release|x64.Build.0 = Release|Any CPU
		{E9AE64B7-27AE-485C-AE8D-B38B81E39030}.Release|x86.ActiveCfg = Release|Any CPU
		{E9AE64B7-27AE-485C-AE8D-B38B81E39030}.Release|x86.Build.0 = Release|Any CPU
		{E64B6077-D2DD-4C2C-AD8B-6AE7B7BF6334}.Debug|Any CPU.ActiveCfg = Debug|Any CPU
		{E64B6077-D2DD-4C2C-AD8B-6AE7B7BF6334}.Debug|Any CPU.Build.0 = Debug|Any CPU
		{E64B6077-D2DD-4C2C-AD8B-6AE7B7BF6334}.Debug|x64.ActiveCfg = Debug|Any CPU
		{E64B6077-D2DD-4C2C-AD8B-6AE7B7BF6334}.Debug|x64.Build.0 = Debug|Any CPU
		{E64B6077-D2DD-4C2C-AD8B-6AE7B7BF6334}.Debug|x86.ActiveCfg = Debug|Any CPU
		{E64B6077-D2DD-4C2C-AD8B-6AE7B7BF6334}.Debug|x86.Build.0 = Debug|Any CPU
		{E64B6077-D2DD-4C2C-AD8B-6AE7B7BF6334}.Release|Any CPU.ActiveCfg = Release|Any CPU
		{E64B6077-D2DD-4C2C-AD8B-6AE7B7BF6334}.Release|Any CPU.Build.0 = Release|Any CPU
		{E64B6077-D2DD-4C2C-AD8B-6AE7B7BF6334}.Release|x64.ActiveCfg = Release|Any CPU
		{E64B6077-D2DD-4C2C-AD8B-6AE7B7BF6334}.Release|x64.Build.0 = Release|Any CPU
		{E64B6077-D2DD-4C2C-AD8B-6AE7B7BF6334}.Release|x86.ActiveCfg = Release|Any CPU
		{E64B6077-D2DD-4C2C-AD8B-6AE7B7BF6334}.Release|x86.Build.0 = Release|Any CPU
		{9702D408-F615-D264-5363-AAF6AE82DD4C}.Debug|Any CPU.ActiveCfg = Debug|Any CPU
		{9702D408-F615-D264-5363-AAF6AE82DD4C}.Debug|Any CPU.Build.0 = Debug|Any CPU
		{9702D408-F615-D264-5363-AAF6AE82DD4C}.Debug|x64.ActiveCfg = Debug|Any CPU
		{9702D408-F615-D264-5363-AAF6AE82DD4C}.Debug|x64.Build.0 = Debug|Any CPU
		{9702D408-F615-D264-5363-AAF6AE82DD4C}.Debug|x86.ActiveCfg = Debug|Any CPU
		{9702D408-F615-D264-5363-AAF6AE82DD4C}.Debug|x86.Build.0 = Debug|Any CPU
		{9702D408-F615-D264-5363-AAF6AE82DD4C}.Release|Any CPU.ActiveCfg = Release|Any CPU
		{9702D408-F615-D264-5363-AAF6AE82DD4C}.Release|Any CPU.Build.0 = Release|Any CPU
		{9702D408-F615-D264-5363-AAF6AE82DD4C}.Release|x64.ActiveCfg = Release|Any CPU
		{9702D408-F615-D264-5363-AAF6AE82DD4C}.Release|x64.Build.0 = Release|Any CPU
		{9702D408-F615-D264-5363-AAF6AE82DD4C}.Release|x86.ActiveCfg = Release|Any CPU
		{9702D408-F615-D264-5363-AAF6AE82DD4C}.Release|x86.Build.0 = Release|Any CPU
		{494E2E43-757D-2D5F-1B51-BF2742664A95}.Debug|Any CPU.ActiveCfg = Debug|Any CPU
		{494E2E43-757D-2D5F-1B51-BF2742664A95}.Debug|Any CPU.Build.0 = Debug|Any CPU
		{494E2E43-757D-2D5F-1B51-BF2742664A95}.Debug|x64.ActiveCfg = Debug|Any CPU
		{494E2E43-757D-2D5F-1B51-BF2742664A95}.Debug|x64.Build.0 = Debug|Any CPU
		{494E2E43-757D-2D5F-1B51-BF2742664A95}.Debug|x86.ActiveCfg = Debug|Any CPU
		{494E2E43-757D-2D5F-1B51-BF2742664A95}.Debug|x86.Build.0 = Debug|Any CPU
		{494E2E43-757D-2D5F-1B51-BF2742664A95}.Release|Any CPU.ActiveCfg = Release|Any CPU
		{494E2E43-757D-2D5F-1B51-BF2742664A95}.Release|Any CPU.Build.0 = Release|Any CPU
		{494E2E43-757D-2D5F-1B51-BF2742664A95}.Release|x64.ActiveCfg = Release|Any CPU
		{494E2E43-757D-2D5F-1B51-BF2742664A95}.Release|x64.Build.0 = Release|Any CPU
		{494E2E43-757D-2D5F-1B51-BF2742664A95}.Release|x86.ActiveCfg = Release|Any CPU
		{494E2E43-757D-2D5F-1B51-BF2742664A95}.Release|x86.Build.0 = Release|Any CPU
		{EF84B6D4-5E40-4A02-BFA1-F9174F628D0D}.Debug|Any CPU.ActiveCfg = Debug|Any CPU
		{EF84B6D4-5E40-4A02-BFA1-F9174F628D0D}.Debug|Any CPU.Build.0 = Debug|Any CPU
		{EF84B6D4-5E40-4A02-BFA1-F9174F628D0D}.Debug|x64.ActiveCfg = Debug|Any CPU
		{EF84B6D4-5E40-4A02-BFA1-F9174F628D0D}.Debug|x64.Build.0 = Debug|Any CPU
		{EF84B6D4-5E40-4A02-BFA1-F9174F628D0D}.Debug|x86.ActiveCfg = Debug|Any CPU
		{EF84B6D4-5E40-4A02-BFA1-F9174F628D0D}.Debug|x86.Build.0 = Debug|Any CPU
		{EF84B6D4-5E40-4A02-BFA1-F9174F628D0D}.Release|Any CPU.ActiveCfg = Release|Any CPU
		{EF84B6D4-5E40-4A02-BFA1-F9174F628D0D}.Release|Any CPU.Build.0 = Release|Any CPU
		{EF84B6D4-5E40-4A02-BFA1-F9174F628D0D}.Release|x64.ActiveCfg = Release|Any CPU
		{EF84B6D4-5E40-4A02-BFA1-F9174F628D0D}.Release|x64.Build.0 = Release|Any CPU
		{EF84B6D4-5E40-4A02-BFA1-F9174F628D0D}.Release|x86.ActiveCfg = Release|Any CPU
		{EF84B6D4-5E40-4A02-BFA1-F9174F628D0D}.Release|x86.Build.0 = Release|Any CPU
		{2EEE9DEF-755E-41EE-98A4-AD298FF22AA0}.Debug|Any CPU.ActiveCfg = Debug|Any CPU
		{2EEE9DEF-755E-41EE-98A4-AD298FF22AA0}.Debug|Any CPU.Build.0 = Debug|Any CPU
		{2EEE9DEF-755E-41EE-98A4-AD298FF22AA0}.Debug|x64.ActiveCfg = Debug|Any CPU
		{2EEE9DEF-755E-41EE-98A4-AD298FF22AA0}.Debug|x64.Build.0 = Debug|Any CPU
		{2EEE9DEF-755E-41EE-98A4-AD298FF22AA0}.Debug|x86.ActiveCfg = Debug|Any CPU
		{2EEE9DEF-755E-41EE-98A4-AD298FF22AA0}.Debug|x86.Build.0 = Debug|Any CPU
		{2EEE9DEF-755E-41EE-98A4-AD298FF22AA0}.Release|Any CPU.ActiveCfg = Release|Any CPU
		{2EEE9DEF-755E-41EE-98A4-AD298FF22AA0}.Release|Any CPU.Build.0 = Release|Any CPU
		{2EEE9DEF-755E-41EE-98A4-AD298FF22AA0}.Release|x64.ActiveCfg = Release|Any CPU
		{2EEE9DEF-755E-41EE-98A4-AD298FF22AA0}.Release|x64.Build.0 = Release|Any CPU
		{2EEE9DEF-755E-41EE-98A4-AD298FF22AA0}.Release|x86.ActiveCfg = Release|Any CPU
		{2EEE9DEF-755E-41EE-98A4-AD298FF22AA0}.Release|x86.Build.0 = Release|Any CPU
		{CFB653A4-3ED6-43AE-B977-188C36F79DDB}.Debug|Any CPU.ActiveCfg = Debug|Any CPU
		{CFB653A4-3ED6-43AE-B977-188C36F79DDB}.Debug|Any CPU.Build.0 = Debug|Any CPU
		{CFB653A4-3ED6-43AE-B977-188C36F79DDB}.Debug|x64.ActiveCfg = Debug|Any CPU
		{CFB653A4-3ED6-43AE-B977-188C36F79DDB}.Debug|x64.Build.0 = Debug|Any CPU
		{CFB653A4-3ED6-43AE-B977-188C36F79DDB}.Debug|x86.ActiveCfg = Debug|Any CPU
		{CFB653A4-3ED6-43AE-B977-188C36F79DDB}.Debug|x86.Build.0 = Debug|Any CPU
		{CFB653A4-3ED6-43AE-B977-188C36F79DDB}.Release|Any CPU.ActiveCfg = Release|Any CPU
		{CFB653A4-3ED6-43AE-B977-188C36F79DDB}.Release|Any CPU.Build.0 = Release|Any CPU
		{CFB653A4-3ED6-43AE-B977-188C36F79DDB}.Release|x64.ActiveCfg = Release|Any CPU
		{CFB653A4-3ED6-43AE-B977-188C36F79DDB}.Release|x64.Build.0 = Release|Any CPU
		{CFB653A4-3ED6-43AE-B977-188C36F79DDB}.Release|x86.ActiveCfg = Release|Any CPU
		{CFB653A4-3ED6-43AE-B977-188C36F79DDB}.Release|x86.Build.0 = Release|Any CPU
		{8CA8FC64-61BD-4306-BC99-E7C9FAA5DE37}.Debug|Any CPU.ActiveCfg = Debug|Any CPU
		{8CA8FC64-61BD-4306-BC99-E7C9FAA5DE37}.Debug|Any CPU.Build.0 = Debug|Any CPU
		{8CA8FC64-61BD-4306-BC99-E7C9FAA5DE37}.Debug|x64.ActiveCfg = Debug|Any CPU
		{8CA8FC64-61BD-4306-BC99-E7C9FAA5DE37}.Debug|x64.Build.0 = Debug|Any CPU
		{8CA8FC64-61BD-4306-BC99-E7C9FAA5DE37}.Debug|x86.ActiveCfg = Debug|Any CPU
		{8CA8FC64-61BD-4306-BC99-E7C9FAA5DE37}.Debug|x86.Build.0 = Debug|Any CPU
		{8CA8FC64-61BD-4306-BC99-E7C9FAA5DE37}.Release|Any CPU.ActiveCfg = Release|Any CPU
		{8CA8FC64-61BD-4306-BC99-E7C9FAA5DE37}.Release|Any CPU.Build.0 = Release|Any CPU
		{8CA8FC64-61BD-4306-BC99-E7C9FAA5DE37}.Release|x64.ActiveCfg = Release|Any CPU
		{8CA8FC64-61BD-4306-BC99-E7C9FAA5DE37}.Release|x64.Build.0 = Release|Any CPU
		{8CA8FC64-61BD-4306-BC99-E7C9FAA5DE37}.Release|x86.ActiveCfg = Release|Any CPU
		{8CA8FC64-61BD-4306-BC99-E7C9FAA5DE37}.Release|x86.Build.0 = Release|Any CPU
	EndGlobalSection
	GlobalSection(SolutionProperties) = preSolution
		HideSolutionNode = FALSE
	EndGlobalSection
	GlobalSection(ExtensibilityGlobals) = postSolution
		SolutionGuid = {D0DF6782-DE68-4D1B-9FE1-959C078F8330}
	EndGlobalSection
EndGlobal
